
Microsoft Visual Studio Solution File, Format Version 12.00
# Visual Studio Version 17
VisualStudioVersion = 17.6.33723.286
MinimumVisualStudioVersion = 10.0.40219.1
Project("{888888A0-9F3D-457C-B088-3A5042F75D52}") = "16.1", "16.1.pyproj", "{5CC0D776-F810-492E-A8EF-F9EB5862EA95}"
EndProject
Global
	GlobalSection(SolutionConfigurationPlatforms) = preSolution
		Debug|Any CPU = Debug|Any CPU
		Release|Any CPU = Release|Any CPU
	EndGlobalSection
	GlobalSection(ProjectConfigurationPlatforms) = postSolution
		{5CC0D776-F810-492E-A8EF-F9EB5862EA95}.Debug|Any CPU.ActiveCfg = Debug|Any CPU
		{5CC0D776-F810-492E-A8EF-F9EB5862EA95}.Release|Any CPU.ActiveCfg = Release|Any CPU
	EndGlobalSection
	GlobalSection(SolutionProperties) = preSolution
		HideSolutionNode = FALSE
	EndGlobalSection
	GlobalSection(ExtensibilityGlobals) = postSolution
		SolutionGuid = {59940733-1F4A-4C08-9C7D-551392AB6AEA}
	EndGlobalSection
EndGlobal
